// !$*UTF8*$!
{
	archiveVersion = 1;
	classes = {
	};
	objectVersion = 50;
	objects = {

/* Begin PBXBuildFile section */
		C81D1CF82134803D005AD1CC /* dogBreedClassifier_2.mlmodel in Sources */ = {isa = PBXBuildFile; fileRef = C81D1CF72134803D005AD1CC /* dogBreedClassifier_2.mlmodel */; };
		C8E5EF65213249B800CFEBE1 /* AppDelegate.swift in Sources */ = {isa = PBXBuildFile; fileRef = C8E5EF64213249B800CFEBE1 /* AppDelegate.swift */; };
		C8E5EF67213249B800CFEBE1 /* ViewController.swift in Sources */ = {isa = PBXBuildFile; fileRef = C8E5EF66213249B800CFEBE1 /* ViewController.swift */; };
		C8E5EF6C213249BA00CFEBE1 /* Assets.xcassets in Resources */ = {isa = PBXBuildFile; fileRef = C8E5EF6B213249BA00CFEBE1 /* Assets.xcassets */; };
		C8E5EF6F213249BA00CFEBE1 /* LaunchScreen.storyboard in Resources */ = {isa = PBXBuildFile; fileRef = C8E5EF6D213249BA00CFEBE1 /* LaunchScreen.storyboard */; };
		C8E5EF7A213249BA00CFEBE1 /* Dog_Breed_RecognizerTests.swift in Sources */ = {isa = PBXBuildFile; fileRef = C8E5EF79213249BA00CFEBE1 /* Dog_Breed_RecognizerTests.swift */; };
		C8E5EF85213249BA00CFEBE1 /* Dog_Breed_RecognizerUITests.swift in Sources */ = {isa = PBXBuildFile; fileRef = C8E5EF84213249BA00CFEBE1 /* Dog_Breed_RecognizerUITests.swift */; };
/* End PBXBuildFile section */

/* Begin PBXContainerItemProxy section */
		C8E5EF76213249BA00CFEBE1 /* PBXContainerItemProxy */ = {
			isa = PBXContainerItemProxy;
			containerPortal = C8E5EF59213249B800CFEBE1 /* Project object */;
			proxyType = 1;
			remoteGlobalIDString = C8E5EF60213249B800CFEBE1;
			remoteInfo = "Dog Breed Recognizer";
		};
		C8E5EF81213249BA00CFEBE1 /* PBXContainerItemProxy */ = {
			isa = PBXContainerItemProxy;
			containerPortal = C8E5EF59213249B800CFEBE1 /* Project object */;
			proxyType = 1;
			remoteGlobalIDString = C8E5EF60213249B800CFEBE1;
			remoteInfo = "Dog Breed Recognizer";
		};
/* End PBXContainerItemProxy section */

/* Begin PBXFileReference section */
		C81D1CF72134803D005AD1CC /* dogBreedClassifier_2.mlmodel */ = {isa = PBXFileReference; lastKnownFileType = file.mlmodel; path = dogBreedClassifier_2.mlmodel; sourceTree = "<group>"; };
		C8E5EF61213249B800CFEBE1 /* Dog Breed Recognizer.app */ = {isa = PBXFileReference; explicitFileType = wrapper.application; includeInIndex = 0; path = "Dog Breed Recognizer.app"; sourceTree = BUILT_PRODUCTS_DIR; };
		C8E5EF64213249B800CFEBE1 /* AppDelegate.swift */ = {isa = PBXFileReference; lastKnownFileType = sourcecode.swift; path = AppDelegate.swift; sourceTree = "<group>"; };
		C8E5EF66213249B800CFEBE1 /* ViewController.swift */ = {isa = PBXFileReference; lastKnownFileType = sourcecode.swift; path = ViewController.swift; sourceTree = "<group>"; };
		C8E5EF6B213249BA00CFEBE1 /* Assets.xcassets */ = {isa = PBXFileReference; lastKnownFileType = folder.assetcatalog; path = Assets.xcassets; sourceTree = "<group>"; };
		C8E5EF6E213249BA00CFEBE1 /* Base */ = {isa = PBXFileReference; lastKnownFileType = file.storyboard; name = Base; path = Base.lproj/LaunchScreen.storyboard; sourceTree = "<group>"; };
		C8E5EF70213249BA00CFEBE1 /* Info.plist */ = {isa = PBXFileReference; lastKnownFileType = text.plist.xml; path = Info.plist; sourceTree = "<group>"; };
		C8E5EF75213249BA00CFEBE1 /* Dog Breed RecognizerTests.xctest */ = {isa = PBXFileReference; explicitFileType = wrapper.cfbundle; includeInIndex = 0; path = "Dog Breed RecognizerTests.xctest"; sourceTree = BUILT_PRODUCTS_DIR; };
		C8E5EF79213249BA00CFEBE1 /* Dog_Breed_RecognizerTests.swift */ = {isa = PBXFileReference; lastKnownFileType = sourcecode.swift; path = Dog_Breed_RecognizerTests.swift; sourceTree = "<group>"; };
		C8E5EF7B213249BA00CFEBE1 /* Info.plist */ = {isa = PBXFileReference; lastKnownFileType = text.plist.xml; path = Info.plist; sourceTree = "<group>"; };
		C8E5EF80213249BA00CFEBE1 /* Dog Breed RecognizerUITests.xctest */ = {isa = PBXFileReference; explicitFileType = wrapper.cfbundle; includeInIndex = 0; path = "Dog Breed RecognizerUITests.xctest"; sourceTree = BUILT_PRODUCTS_DIR; };
		C8E5EF84213249BA00CFEBE1 /* Dog_Breed_RecognizerUITests.swift */ = {isa = PBXFileReference; lastKnownFileType = sourcecode.swift; path = Dog_Breed_RecognizerUITests.swift; sourceTree = "<group>"; };
		C8E5EF86213249BB00CFEBE1 /* Info.plist */ = {isa = PBXFileReference; lastKnownFileType = text.plist.xml; path = Info.plist; sourceTree = "<group>"; };
/* End PBXFileReference section */

/* Begin PBXFrameworksBuildPhase section */
		C8E5EF5E213249B800CFEBE1 /* Frameworks */ = {
			isa = PBXFrameworksBuildPhase;
			buildActionMask = 2147483647;
			files = (
			);
			runOnlyForDeploymentPostprocessing = 0;
		};
		C8E5EF72213249BA00CFEBE1 /* Frameworks */ = {
			isa = PBXFrameworksBuildPhase;
			buildActionMask = 2147483647;
			files = (
			);
			runOnlyForDeploymentPostprocessing = 0;
		};
		C8E5EF7D213249BA00CFEBE1 /* Frameworks */ = {
			isa = PBXFrameworksBuildPhase;
			buildActionMask = 2147483647;
			files = (
			);
			runOnlyForDeploymentPostprocessing = 0;
		};
/* End PBXFrameworksBuildPhase section */

/* Begin PBXGroup section */
		C8E5EF58213249B800CFEBE1 = {
			isa = PBXGroup;
			children = (
				C8E5EF63213249B800CFEBE1 /* Dog Breed Recognizer */,
				C8E5EF78213249BA00CFEBE1 /* Dog Breed RecognizerTests */,
				C8E5EF83213249BA00CFEBE1 /* Dog Breed RecognizerUITests */,
				C8E5EF62213249B800CFEBE1 /* Products */,
			);
			sourceTree = "<group>";
		};
		C8E5EF62213249B800CFEBE1 /* Products */ = {
			isa = PBXGroup;
			children = (
				C8E5EF61213249B800CFEBE1 /* Dog Breed Recognizer.app */,
				C8E5EF75213249BA00CFEBE1 /* Dog Breed RecognizerTests.xctest */,
				C8E5EF80213249BA00CFEBE1 /* Dog Breed RecognizerUITests.xctest */,
			);
			name = Products;
			sourceTree = "<group>";
		};
		C8E5EF63213249B800CFEBE1 /* Dog Breed Recognizer */ = {
			isa = PBXGroup;
			children = (
				C81D1CF72134803D005AD1CC /* dogBreedClassifier_2.mlmodel */,
				C8E5EF64213249B800CFEBE1 /* AppDelegate.swift */,
				C8E5EF66213249B800CFEBE1 /* ViewController.swift */,
				C8E5EF6B213249BA00CFEBE1 /* Assets.xcassets */,
				C8E5EF6D213249BA00CFEBE1 /* LaunchScreen.storyboard */,
				C8E5EF70213249BA00CFEBE1 /* Info.plist */,
			);
			path = "Dog Breed Recognizer";
			sourceTree = "<group>";
		};
		C8E5EF78213249BA00CFEBE1 /* Dog Breed RecognizerTests */ = {
			isa = PBXGroup;
			children = (
				C8E5EF79213249BA00CFEBE1 /* Dog_Breed_RecognizerTests.swift */,
				C8E5EF7B213249BA00CFEBE1 /* Info.plist */,
			);
			path = "Dog Breed RecognizerTests";
			sourceTree = "<group>";
		};
		C8E5EF83213249BA00CFEBE1 /* Dog Breed RecognizerUITests */ = {
			isa = PBXGroup;
			children = (
				C8E5EF84213249BA00CFEBE1 /* Dog_Breed_RecognizerUITests.swift */,
				C8E5EF86213249BB00CFEBE1 /* Info.plist */,
			);
			path = "Dog Breed RecognizerUITests";
			sourceTree = "<group>";
		};
/* End PBXGroup section */

/* Begin PBXNativeTarget section */
		C8E5EF60213249B800CFEBE1 /* Dog Breed Recognizer */ = {
			isa = PBXNativeTarget;
			buildConfigurationList = C8E5EF89213249BB00CFEBE1 /* Build configuration list for PBXNativeTarget "Dog Breed Recognizer" */;
			buildPhases = (
				C8E5EF5D213249B800CFEBE1 /* Sources */,
				C8E5EF5E213249B800CFEBE1 /* Frameworks */,
				C8E5EF5F213249B800CFEBE1 /* Resources */,
			);
			buildRules = (
			);
			dependencies = (
			);
			name = "Dog Breed Recognizer";
			productName = "Dog Breed Recognizer";
			productReference = C8E5EF61213249B800CFEBE1 /* Dog Breed Recognizer.app */;
			productType = "com.apple.product-type.application";
		};
		C8E5EF74213249BA00CFEBE1 /* Dog Breed RecognizerTests */ = {
			isa = PBXNativeTarget;
			buildConfigurationList = C8E5EF8C213249BB00CFEBE1 /* Build configuration list for PBXNativeTarget "Dog Breed RecognizerTests" */;
			buildPhases = (
				C8E5EF71213249BA00CFEBE1 /* Sources */,
				C8E5EF72213249BA00CFEBE1 /* Frameworks */,
				C8E5EF73213249BA00CFEBE1 /* Resources */,
			);
			buildRules = (
			);
			dependencies = (
				C8E5EF77213249BA00CFEBE1 /* PBXTargetDependency */,
			);
			name = "Dog Breed RecognizerTests";
			productName = "Dog Breed RecognizerTests";
			productReference = C8E5EF75213249BA00CFEBE1 /* Dog Breed RecognizerTests.xctest */;
			productType = "com.apple.product-type.bundle.unit-test";
		};
		C8E5EF7F213249BA00CFEBE1 /* Dog Breed RecognizerUITests */ = {
			isa = PBXNativeTarget;
			buildConfigurationList = C8E5EF8F213249BB00CFEBE1 /* Build configuration list for PBXNativeTarget "Dog Breed RecognizerUITests" */;
			buildPhases = (
				C8E5EF7C213249BA00CFEBE1 /* Sources */,
				C8E5EF7D213249BA00CFEBE1 /* Frameworks */,
				C8E5EF7E213249BA00CFEBE1 /* Resources */,
			);
			buildRules = (
			);
			dependencies = (
				C8E5EF82213249BA00CFEBE1 /* PBXTargetDependency */,
			);
			name = "Dog Breed RecognizerUITests";
			productName = "Dog Breed RecognizerUITests";
			productReference = C8E5EF80213249BA00CFEBE1 /* Dog Breed RecognizerUITests.xctest */;
			productType = "com.apple.product-type.bundle.ui-testing";
		};
/* End PBXNativeTarget section */

/* Begin PBXProject section */
		C8E5EF59213249B800CFEBE1 /* Project object */ = {
			isa = PBXProject;
			attributes = {
				LastSwiftUpdateCheck = 0930;
				LastUpgradeCheck = 0930;
				ORGANIZATIONNAME = "William Johnston";
				TargetAttributes = {
					C8E5EF60213249B800CFEBE1 = {
						CreatedOnToolsVersion = 9.3.1;
					};
					C8E5EF74213249BA00CFEBE1 = {
						CreatedOnToolsVersion = 9.3.1;
						TestTargetID = C8E5EF60213249B800CFEBE1;
					};
					C8E5EF7F213249BA00CFEBE1 = {
						CreatedOnToolsVersion = 9.3.1;
						TestTargetID = C8E5EF60213249B800CFEBE1;
					};
				};
			};
			buildConfigurationList = C8E5EF5C213249B800CFEBE1 /* Build configuration list for PBXProject "Dog Breed Recognizer" */;
			compatibilityVersion = "Xcode 9.3";
			developmentRegion = en;
			hasScannedForEncodings = 0;
			knownRegions = (
				en,
				Base,
			);
			mainGroup = C8E5EF58213249B800CFEBE1;
			productRefGroup = C8E5EF62213249B800CFEBE1 /* Products */;
			projectDirPath = "";
			projectRoot = "";
			targets = (
				C8E5EF60213249B800CFEBE1 /* Dog Breed Recognizer */,
				C8E5EF74213249BA00CFEBE1 /* Dog Breed RecognizerTests */,
				C8E5EF7F213249BA00CFEBE1 /* Dog Breed RecognizerUITests */,
			);
		};
/* End PBXProject section */

/* Begin PBXResourcesBuildPhase section */
		C8E5EF5F213249B800CFEBE1 /* Resources */ = {
			isa = PBXResourcesBuildPhase;
			buildActionMask = 2147483647;
			files = (
				C8E5EF6F213249BA00CFEBE1 /* LaunchScreen.storyboard in Resources */,
				C8E5EF6C213249BA00CFEBE1 /* Assets.xcassets in Resources */,
			);
			runOnlyForDeploymentPostprocessing = 0;
		};
		C8E5EF73213249BA00CFEBE1 /* Resources */ = {
			isa = PBXResourcesBuildPhase;
			buildActionMask = 2147483647;
			files = (
			);
			runOnlyForDeploymentPostprocessing = 0;
		};
		C8E5EF7E213249BA00CFEBE1 /* Resources */ = {
			isa = PBXResourcesBuildPhase;
			buildActionMask = 2147483647;
			files = (
			);
			runOnlyForDeploymentPostprocessing = 0;
		};
/* End PBXResourcesBuildPhase section */

/* Begin PBXSourcesBuildPhase section */
		C8E5EF5D213249B800CFEBE1 /* Sources */ = {
			isa = PBXSourcesBuildPhase;
			buildActionMask = 2147483647;
			files = (
				C8E5EF67213249B800CFEBE1 /* ViewController.swift in Sources */,
				C81D1CF82134803D005AD1CC /* dogBreedClassifier_2.mlmodel in Sources */,
				C8E5EF65213249B800CFEBE1 /* AppDelegate.swift in Sources */,
			);
			runOnlyForDeploymentPostprocessing = 0;
		};
		C8E5EF71213249BA00CFEBE1 /* Sources */ = {
			isa = PBXSourcesBuildPhase;
			buildActionMask = 2147483647;
			files = (
				C8E5EF7A213249BA00CFEBE1 /* Dog_Breed_RecognizerTests.swift in Sources */,
			);
			runOnlyForDeploymentPostprocessing = 0;
		};
		C8E5EF7C213249BA00CFEBE1 /* Sources */ = {
			isa = PBXSourcesBuildPhase;
			buildActionMask = 2147483647;
			files = (
				C8E5EF85213249BA00CFEBE1 /* Dog_Breed_RecognizerUITests.swift in Sources */,
			);
			runOnlyForDeploymentPostprocessing = 0;
		};
/* End PBXSourcesBuildPhase section */

/* Begin PBXTargetDependency section */
		C8E5EF77213249BA00CFEBE1 /* PBXTargetDependency */ = {
			isa = PBXTargetDependency;
			target = C8E5EF60213249B800CFEBE1 /* Dog Breed Recognizer */;
			targetProxy = C8E5EF76213249BA00CFEBE1 /* PBXContainerItemProxy */;
		};
		C8E5EF82213249BA00CFEBE1 /* PBXTargetDependency */ = {
			isa = PBXTargetDependency;
			target = C8E5EF60213249B800CFEBE1 /* Dog Breed Recognizer */;
			targetProxy = C8E5EF81213249BA00CFEBE1 /* PBXContainerItemProxy */;
		};
/* End PBXTargetDependency section */

/* Begin PBXVariantGroup section */
		C8E5EF6D213249BA00CFEBE1 /* LaunchScreen.storyboard */ = {
			isa = PBXVariantGroup;
			children = (
				C8E5EF6E213249BA00CFEBE1 /* Base */,
			);
			name = LaunchScreen.storyboard;
			sourceTree = "<group>";
		};
/* End PBXVariantGroup section */

/* Begin XCBuildConfiguration section */
		C8E5EF87213249BB00CFEBE1 /* Debug */ = {
			isa = XCBuildConfiguration;
			buildSettings = {
				ALWAYS_SEARCH_USER_PATHS = NO;
				CLANG_ANALYZER_NONNULL = YES;
				CLANG_ANALYZER_NUMBER_OBJECT_CONVERSION = YES_AGGRESSIVE;
				CLANG_CXX_LANGUAGE_STANDARD = "gnu++14";
				CLANG_CXX_LIBRARY = "libc++";
				CLANG_ENABLE_MODULES = YES;
				CLANG_ENABLE_OBJC_ARC = YES;
				CLANG_ENABLE_OBJC_WEAK = YES;
				CLANG_WARN_BLOCK_CAPTURE_AUTORELEASING = YES;
				CLANG_WARN_BOOL_CONVERSION = YES;
				CLANG_WARN_COMMA = YES;
				CLANG_WARN_CONSTANT_CONVERSION = YES;
				CLANG_WARN_DEPRECATED_OBJC_IMPLEMENTATIONS = YES;
				CLANG_WARN_DIRECT_OBJC_ISA_USAGE = YES_ERROR;
				CLANG_WARN_DOCUMENTATION_COMMENTS = YES;
				CLANG_WARN_EMPTY_BODY = YES;
				CLANG_WARN_ENUM_CONVERSION = YES;
				CLANG_WARN_INFINITE_RECURSION = YES;
				CLANG_WARN_INT_CONVERSION = YES;
				CLANG_WARN_NON_LITERAL_NULL_CONVERSION = YES;
				CLANG_WARN_OBJC_IMPLICIT_RETAIN_SELF = YES;
				CLANG_WARN_OBJC_LITERAL_CONVERSION = YES;
				CLANG_WARN_OBJC_ROOT_CLASS = YES_ERROR;
				CLANG_WARN_RANGE_LOOP_ANALYSIS = YES;
				CLANG_WARN_STRICT_PROTOTYPES = YES;
				CLANG_WARN_SUSPICIOUS_MOVE = YES;
				CLANG_WARN_UNGUARDED_AVAILABILITY = YES_AGGRESSIVE;
				CLANG_WARN_UNREACHABLE_CODE = YES;
				CLANG_WARN__DUPLICATE_METHOD_MATCH = YES;
				CODE_SIGN_IDENTITY = "iPhone Developer";
				COPY_PHASE_STRIP = NO;
				DEBUG_INFORMATION_FORMAT = dwarf;
				ENABLE_STRICT_OBJC_MSGSEND = YES;
				ENABLE_TESTABILITY = YES;
				GCC_C_LANGUAGE_STANDARD = gnu11;
				GCC_DYNAMIC_NO_PIC = NO;
				GCC_NO_COMMON_BLOCKS = YES;
				GCC_OPTIMIZATION_LEVEL = 0;
				GCC_PREPROCESSOR_DEFINITIONS = (
					"DEBUG=1",
					"$(inherited)",
				);
				GCC_WARN_64_TO_32_BIT_CONVERSION = YES;
				GCC_WARN_ABOUT_RETURN_TYPE = YES_ERROR;
				GCC_WARN_UNDECLARED_SELECTOR = YES;
				GCC_WARN_UNINITIALIZED_AUTOS = YES_AGGRESSIVE;
				GCC_WARN_UNUSED_FUNCTION = YES;
				GCC_WARN_UNUSED_VARIABLE = YES;
				IPHONEOS_DEPLOYMENT_TARGET = 11.3;
				MTL_ENABLE_DEBUG_INFO = YES;
				ONLY_ACTIVE_ARCH = YES;
				SDKROOT = iphoneos;
				SWIFT_ACTIVE_COMPILATION_CONDITIONS = DEBUG;
				SWIFT_OPTIMIZATION_LEVEL = "-Onone";
			};
			name = Debug;
		};
		C8E5EF88213249BB00CFEBE1 /* Release */ = {
			isa = XCBuildConfiguration;
			buildSettings = {
				ALWAYS_SEARCH_USER_PATHS = NO;
				CLANG_ANALYZER_NONNULL = YES;
				CLANG_ANALYZER_NUMBER_OBJECT_CONVERSION = YES_AGGRESSIVE;
				CLANG_CXX_LANGUAGE_STANDARD = "gnu++14";
				CLANG_CXX_LIBRARY = "libc++";
				CLANG_ENABLE_MODULES = YES;
				CLANG_ENABLE_OBJC_ARC = YES;
				CLANG_ENABLE_OBJC_WEAK = YES;
				CLANG_WARN_BLOCK_CAPTURE_AUTORELEASING = YES;
				CLANG_WARN_BOOL_CONVERSION = YES;
				CLANG_WARN_COMMA = YES;
				CLANG_WARN_CONSTANT_CONVERSION = YES;
				CLANG_WARN_DEPRECATED_OBJC_IMPLEMENTATIONS = YES;
				CLANG_WARN_DIRECT_OBJC_ISA_USAGE = YES_ERROR;
				CLANG_WARN_DOCUMENTATION_COMMENTS = YES;
				CLANG_WARN_EMPTY_BODY = YES;
				CLANG_WARN_ENUM_CONVERSION = YES;
				CLANG_WARN_INFINITE_RECURSION = YES;
				CLANG_WARN_INT_CONVERSION = YES;
				CLANG_WARN_NON_LITERAL_NULL_CONVERSION = YES;
				CLANG_WARN_OBJC_IMPLICIT_RETAIN_SELF = YES;
				CLANG_WARN_OBJC_LITERAL_CONVERSION = YES;
				CLANG_WARN_OBJC_ROOT_CLASS = YES_ERROR;
				CLANG_WARN_RANGE_LOOP_ANALYSIS = YES;
				CLANG_WARN_STRICT_PROTOTYPES = YES;
				CLANG_WARN_SUSPICIOUS_MOVE = YES;
				CLANG_WARN_UNGUARDED_AVAILABILITY = YES_AGGRESSIVE;
				CLANG_WARN_UNREACHABLE_CODE = YES;
				CLANG_WARN__DUPLICATE_METHOD_MATCH = YES;
				CODE_SIGN_IDENTITY = "iPhone Developer";
				COPY_PHASE_STRIP = NO;
				DEBUG_INFORMATION_FORMAT = "dwarf-with-dsym";
				ENABLE_NS_ASSERTIONS = NO;
				ENABLE_STRICT_OBJC_MSGSEND = YES;
				GCC_C_LANGUAGE_STANDARD = gnu11;
				GCC_NO_COMMON_BLOCKS = YES;
				GCC_WARN_64_TO_32_BIT_CONVERSION = YES;
				GCC_WARN_ABOUT_RETURN_TYPE = YES_ERROR;
				GCC_WARN_UNDECLARED_SELECTOR = YES;
				GCC_WARN_UNINITIALIZED_AUTOS = YES_AGGRESSIVE;
				GCC_WARN_UNUSED_FUNCTION = YES;
				GCC_WARN_UNUSED_VARIABLE = YES;
				IPHONEOS_DEPLOYMENT_TARGET = 11.3;
				MTL_ENABLE_DEBUG_INFO = NO;
				SDKROOT = iphoneos;
				SWIFT_COMPILATION_MODE = wholemodule;
				SWIFT_OPTIMIZATION_LEVEL = "-O";
				VALIDATE_PRODUCT = YES;
			};
			name = Release;
		};
		C8E5EF8A213249BB00CFEBE1 /* Debug */ = {
			isa = XCBuildConfiguration;
			buildSettings = {
				ASSETCATALOG_COMPILER_APPICON_NAME = AppIcon;
				CODE_SIGN_STYLE = Automatic;
				DEVELOPMENT_TEAM = VW38VVH67G;
				INFOPLIST_FILE = "Dog Breed Recognizer/Info.plist";
				LD_RUNPATH_SEARCH_PATHS = (
					"$(inherited)",
					"@executable_path/Frameworks",
				);
				PRODUCT_BUNDLE_IDENTIFIER = "com.example.Dog-Breed-Recognizer";
				PRODUCT_NAME = "$(TARGET_NAME)";
				SWIFT_VERSION = 4.0;
				TARGETED_DEVICE_FAMILY = "1,2";
			};
			name = Debug;
		};
		C8E5EF8B213249BB00CFEBE1 /* Release */ = {
			isa = XCBuildConfiguration;
			buildSettings = {
				ASSETCATALOG_COMPILER_APPICON_NAME = AppIcon;
				CODE_SIGN_STYLE = Automatic;
				DEVELOPMENT_TEAM = VW38VVH67G;
				INFOPLIST_FILE = "Dog Breed Recognizer/Info.plist";
				LD_RUNPATH_SEARCH_PATHS = (
					"$(inherited)",
					"@executable_path/Frameworks",
				);
				PRODUCT_BUNDLE_IDENTIFIER = "com.example.Dog-Breed-Recognizer";
				PRODUCT_NAME = "$(TARGET_NAME)";
				SWIFT_VERSION = 4.0;
				TARGETED_DEVICE_FAMILY = "1,2";
			};
			name = Release;
		};
		C8E5EF8D213249BB00CFEBE1 /* Debug */ = {
			isa = XCBuildConfiguration;
			buildSettings = {
				ALWAYS_EMBED_SWIFT_STANDARD_LIBRARIES = YES;
				BUNDLE_LOADER = "$(TEST_HOST)";
				CODE_SIGN_STYLE = Automatic;
				INFOPLIST_FILE = "Dog Breed RecognizerTests/Info.plist";
				LD_RUNPATH_SEARCH_PATHS = (
					"$(inherited)",
					"@executable_path/Frameworks",
					"@loader_path/Frameworks",
				);
				PRODUCT_BUNDLE_IDENTIFIER = "com.example.Dog-Breed-RecognizerTests";
				PRODUCT_NAME = "$(TARGET_NAME)";
				SWIFT_VERSION = 4.0;
				TARGETED_DEVICE_FAMILY = "1,2";
				TEST_HOST = "$(BUILT_PRODUCTS_DIR)/Dog Breed Recognizer.app/Dog Breed Recognizer";
			};
			name = Debug;
		};
		C8E5EF8E213249BB00CFEBE1 /* Release */ = {
			isa = XCBuildConfiguration;
			buildSettings = {
				ALWAYS_EMBED_SWIFT_STANDARD_LIBRARIES = YES;
				BUNDLE_LOADER = "$(TEST_HOST)";
				CODE_SIGN_STYLE = Automatic;
				INFOPLIST_FILE = "Dog Breed RecognizerTests/Info.plist";
				LD_RUNPATH_SEARCH_PATHS = (
					"$(inherited)",
					"@executable_path/Frameworks",
					"@loader_path/Frameworks",
				);
				PRODUCT_BUNDLE_IDENTIFIER = "com.example.Dog-Breed-RecognizerTests";
				PRODUCT_NAME = "$(TARGET_NAME)";
				SWIFT_VERSION = 4.0;
				TARGETED_DEVICE_FAMILY = "1,2";
				TEST_HOST = "$(BUILT_PRODUCTS_DIR)/Dog Breed Recognizer.app/Dog Breed Recognizer";
			};
			name = Release;
		};
		C8E5EF90213249BB00CFEBE1 /* Debug */ = {
			isa = XCBuildConfiguration;
			buildSettings = {
				ALWAYS_EMBED_SWIFT_STANDARD_LIBRARIES = YES;
				CODE_SIGN_STYLE = Automatic;
				INFOPLIST_FILE = "Dog Breed RecognizerUITests/Info.plist";
				LD_RUNPATH_SEARCH_PATHS = (
					"$(inherited)",
					"@executable_path/Frameworks",
					"@loader_path/Frameworks",
				);
				PRODUCT_BUNDLE_IDENTIFIER = "com.example.Dog-Breed-RecognizerUITests";
				PRODUCT_NAME = "$(TARGET_NAME)";
				SWIFT_VERSION = 4.0;
				TARGETED_DEVICE_FAMILY = "1,2";
				TEST_TARGET_NAME = "Dog Breed Recognizer";
			};
			name = Debug;
		};
		C8E5EF91213249BB00CFEBE1 /* Release */ = {
			isa = XCBuildConfiguration;
			buildSettings = {
				ALWAYS_EMBED_SWIFT_STANDARD_LIBRARIES = YES;
				CODE_SIGN_STYLE = Automatic;
				INFOPLIST_FILE = "Dog Breed RecognizerUITests/Info.plist";
				LD_RUNPATH_SEARCH_PATHS = (
					"$(inherited)",
					"@executable_path/Frameworks",
					"@loader_path/Frameworks",
				);
				PRODUCT_BUNDLE_IDENTIFIER = "com.example.Dog-Breed-RecognizerUITests";
				PRODUCT_NAME = "$(TARGET_NAME)";
				SWIFT_VERSION = 4.0;
				TARGETED_DEVICE_FAMILY = "1,2";
				TEST_TARGET_NAME = "Dog Breed Recognizer";
			};
			name = Release;
		};
/* End XCBuildConfiguration section */

/* Begin XCConfigurationList section */
		C8E5EF5C213249B800CFEBE1 /* Build configuration list for PBXProject "Dog Breed Recognizer" */ = {
			isa = XCConfigurationList;
			buildConfigurations = (
				C8E5EF87213249BB00CFEBE1 /* Debug */,
				C8E5EF88213249BB00CFEBE1 /* Release */,
			);
			defaultConfigurationIsVisible = 0;
			defaultConfigurationName = Release;
		};
		C8E5EF89213249BB00CFEBE1 /* Build configuration list for PBXNativeTarget "Dog Breed Recognizer" */ = {
			isa = XCConfigurationList;
			buildConfigurations = (
				C8E5EF8A213249BB00CFEBE1 /* Debug */,
				C8E5EF8B213249BB00CFEBE1 /* Release */,
			);
			defaultConfigurationIsVisible = 0;
			defaultConfigurationName = Release;
		};
		C8E5EF8C213249BB00CFEBE1 /* Build configuration list for PBXNativeTarget "Dog Breed RecognizerTests" */ = {
			isa = XCConfigurationList;
			buildConfigurations = (
				C8E5EF8D213249BB00CFEBE1 /* Debug */,
				C8E5EF8E213249BB00CFEBE1 /* Release */,
			);
			defaultConfigurationIsVisible = 0;
			defaultConfigurationName = Release;
		};
		C8E5EF8F213249BB00CFEBE1 /* Build configuration list for PBXNativeTarget "Dog Breed RecognizerUITests" */ = {
			isa = XCConfigurationList;
			buildConfigurations = (
				C8E5EF90213249BB00CFEBE1 /* Debug */,
				C8E5EF91213249BB00CFEBE1 /* Release */,
			);
			defaultConfigurationIsVisible = 0;
			defaultConfigurationName = Release;
		};
/* End XCConfigurationList section */
	};
	rootObject = C8E5EF59213249B800CFEBE1 /* Project object */;
}
